<?xml version="1.0" encoding="utf-8"?>
<Project ToolsVersion="4.0" xmlns="http://schemas.microsoft.com/developer/msbuild/2003">
  <ItemGroup>
    <ClCompile Include="..\src\common.cpp" />
    <ClCompile Include="..\src\iocp\iocp_impl.cpp" />
    <ClCompile Include="..\src\iocp\tcpaccept_impl.cpp" />
    <ClCompile Include="..\src\iocp\tcpsocket_impl.cpp" />
    <ClCompile Include="..\src\timer.cpp" />
    <ClCompile Include="..\src\iocp\udpsocket_impl.cpp" />
  </ItemGroup>
  <ItemGroup>
    <ClInclude Include="..\include\zsummerX\common.h" />
    <ClInclude Include="..\include\zsummerX\iocp\common_impl.h" />
    <ClInclude Include="..\include\zsummerX\config.h" />
    <ClInclude Include="..\include\zsummerX\iocp\iocp_impl.h" />
    <ClInclude Include="..\include\zsummerX\iocp\tcpaccept_impl.h" />
    <ClInclude Include="..\include\zsummerX\iocp\tcpsocket_impl.h" />
    <ClInclude Include="..\include\zsummerX\timer.h" />
    <ClInclude Include="..\include\zsummerX\iocp\udpsocket_impl.h" />
    <ClInclude Include="..\include\zsummerX\zsummerX.h" />
  </ItemGroup>
</Project>